// !$*UTF8*$!
{
	archiveVersion = 1;
	classes = {
	};
	objectVersion = 46;
	objects = {

/* Begin PBXBuildFile section */
		2AA9DDE3143CAD0300863289 /* UIKit.framework in Frameworks */ = {isa = PBXBuildFile; fileRef = 2AA9DDE2143CAD0300863289 /* UIKit.framework */; };
		2AA9DDE5143CAD0300863289 /* Foundation.framework in Frameworks */ = {isa = PBXBuildFile; fileRef = 2AA9DDE4143CAD0300863289 /* Foundation.framework */; };
		2AA9DDE7143CAD0300863289 /* CoreGraphics.framework in Frameworks */ = {isa = PBXBuildFile; fileRef = 2AA9DDE6143CAD0300863289 /* CoreGraphics.framework */; };
		2AA9DDED143CAD0300863289 /* InfoPlist.strings in Resources */ = {isa = PBXBuildFile; fileRef = 2AA9DDEB143CAD0300863289 /* InfoPlist.strings */; };
		2AA9DDEF143CAD0300863289 /* main.m in Sources */ = {isa = PBXBuildFile; fileRef = 2AA9DDEE143CAD0300863289 /* main.m */; };
		2AA9DDF3143CAD0300863289 /* MapQuakesDTFAppDelegate.m in Sources */ = {isa = PBXBuildFile; fileRef = 2AA9DDF2143CAD0300863289 /* MapQuakesDTFAppDelegate.m */; };
		2AA9DDF6143CAD0300863289 /* MainWindow.xib in Resources */ = {isa = PBXBuildFile; fileRef = 2AA9DDF4143CAD0300863289 /* MainWindow.xib */; };
		2AA9DDF9143CAD0300863289 /* MapQuakesDTFViewController.m in Sources */ = {isa = PBXBuildFile; fileRef = 2AA9DDF8143CAD0300863289 /* MapQuakesDTFViewController.m */; };
		2AA9DDFC143CAD0300863289 /* MapQuakesDTFViewController.xib in Resources */ = {isa = PBXBuildFile; fileRef = 2AA9DDFA143CAD0300863289 /* MapQuakesDTFViewController.xib */; };
		2AA9DE04143CAD0300863289 /* SenTestingKit.framework in Frameworks */ = {isa = PBXBuildFile; fileRef = 2AA9DE03143CAD0300863289 /* SenTestingKit.framework */; };
		2AA9DE05143CAD0300863289 /* UIKit.framework in Frameworks */ = {isa = PBXBuildFile; fileRef = 2AA9DDE2143CAD0300863289 /* UIKit.framework */; };
		2AA9DE06143CAD0300863289 /* Foundation.framework in Frameworks */ = {isa = PBXBuildFile; fileRef = 2AA9DDE4143CAD0300863289 /* Foundation.framework */; };
		2AA9DE07143CAD0300863289 /* CoreGraphics.framework in Frameworks */ = {isa = PBXBuildFile; fileRef = 2AA9DDE6143CAD0300863289 /* CoreGraphics.framework */; };
		2AA9DE0F143CAD0300863289 /* InfoPlist.strings in Resources */ = {isa = PBXBuildFile; fileRef = 2AA9DE0D143CAD0300863289 /* InfoPlist.strings */; };
		2AA9DE11143CAD0300863289 /* MapQuakesDTFTests.h in Resources */ = {isa = PBXBuildFile; fileRef = 2AA9DE10143CAD0300863289 /* MapQuakesDTFTests.h */; };
		2AA9DE13143CAD0300863289 /* MapQuakesDTFTests.m in Sources */ = {isa = PBXBuildFile; fileRef = 2AA9DE12143CAD0300863289 /* MapQuakesDTFTests.m */; };
/* End PBXBuildFile section */

/* Begin PBXContainerItemProxy section */
		2AA9DE08143CAD0300863289 /* PBXContainerItemProxy */ = {
			isa = PBXContainerItemProxy;
			containerPortal = 2AA9DDD5143CAD0200863289 /* Project object */;
			proxyType = 1;
			remoteGlobalIDString = 2AA9DDDD143CAD0300863289;
			remoteInfo = MapQuakesDTF;
		};
/* End PBXContainerItemProxy section */

/* Begin PBXFileReference section */
		2AA9DDDE143CAD0300863289 /* MapQuakesDTF.app */ = {isa = PBXFileReference; explicitFileType = wrapper.application; includeInIndex = 0; path = MapQuakesDTF.app; sourceTree = BUILT_PRODUCTS_DIR; };
		2AA9DDE2143CAD0300863289 /* UIKit.framework */ = {isa = PBXFileReference; lastKnownFileType = wrapper.framework; name = UIKit.framework; path = System/Library/Frameworks/UIKit.framework; sourceTree = SDKROOT; };
		2AA9DDE4143CAD0300863289 /* Foundation.framework */ = {isa = PBXFileReference; lastKnownFileType = wrapper.framework; name = Foundation.framework; path = System/Library/Frameworks/Foundation.framework; sourceTree = SDKROOT; };
		2AA9DDE6143CAD0300863289 /* CoreGraphics.framework */ = {isa = PBXFileReference; lastKnownFileType = wrapper.framework; name = CoreGraphics.framework; path = System/Library/Frameworks/CoreGraphics.framework; sourceTree = SDKROOT; };
		2AA9DDEA143CAD0300863289 /* MapQuakesDTF-Info.plist */ = {isa = PBXFileReference; path = "MapQuakesDTF-Info.plist"; sourceTree = "<group>"; };
		2AA9DDEC143CAD0300863289 /* en */ = {isa = PBXFileReference; lastKnownFileType = text.plist.strings; name = en; path = en.lproj/InfoPlist.strings; sourceTree = "<group>"; };
		2AA9DDEE143CAD0300863289 /* main.m */ = {isa = PBXFileReference; lastKnownFileType = sourcecode.c.objc; path = main.m; sourceTree = "<group>"; };
		2AA9DDF0143CAD0300863289 /* MapQuakesDTF-Prefix.pch */ = {isa = PBXFileReference; path = "MapQuakesDTF-Prefix.pch"; sourceTree = "<group>"; };
		2AA9DDF1143CAD0300863289 /* MapQuakesDTFAppDelegate.h */ = {isa = PBXFileReference; path = MapQuakesDTFAppDelegate.h; sourceTree = "<group>"; };
		2AA9DDF2143CAD0300863289 /* MapQuakesDTFAppDelegate.m */ = {isa = PBXFileReference; lastKnownFileType = sourcecode.c.objc; path = MapQuakesDTFAppDelegate.m; sourceTree = "<group>"; };
		2AA9DDF5143CAD0300863289 /* en */ = {isa = PBXFileReference; lastKnownFileType = file.xib; name = en; path = en.lproj/MainWindow.xib; sourceTree = "<group>"; };
		2AA9DDF7143CAD0300863289 /* MapQuakesDTFViewController.h */ = {isa = PBXFileReference; path = MapQuakesDTFViewController.h; sourceTree = "<group>"; };
		2AA9DDF8143CAD0300863289 /* MapQuakesDTFViewController.m */ = {isa = PBXFileReference; lastKnownFileType = sourcecode.c.objc; path = MapQuakesDTFViewController.m; sourceTree = "<group>"; };
		2AA9DDFB143CAD0300863289 /* en */ = {isa = PBXFileReference; lastKnownFileType = file.xib; name = en; path = en.lproj/MapQuakesDTFViewController.xib; sourceTree = "<group>"; };
		2AA9DE02143CAD0300863289 /* MapQuakesDTFTests.octest */ = {isa = PBXFileReference; explicitFileType = wrapper.cfbundle; includeInIndex = 0; path = MapQuakesDTFTests.octest; sourceTree = BUILT_PRODUCTS_DIR; };
		2AA9DE03143CAD0300863289 /* SenTestingKit.framework */ = {isa = PBXFileReference; lastKnownFileType = wrapper.framework; name = SenTestingKit.framework; path = Library/Frameworks/SenTestingKit.framework; sourceTree = DEVELOPER_DIR; };
		2AA9DE0C143CAD0300863289 /* MapQuakesDTFTests-Info.plist */ = {isa = PBXFileReference; path = "MapQuakesDTFTests-Info.plist"; sourceTree = "<group>"; };
		2AA9DE0E143CAD0300863289 /* en */ = {isa = PBXFileReference; lastKnownFileType = text.plist.strings; name = en; path = en.lproj/InfoPlist.strings; sourceTree = "<group>"; };
		2AA9DE10143CAD0300863289 /* MapQuakesDTFTests.h */ = {isa = PBXFileReference; lastKnownFileType = sourcecode.c.h; path = MapQuakesDTFTests.h; sourceTree = "<group>"; };
		2AA9DE12143CAD0300863289 /* MapQuakesDTFTests.m */ = {isa = PBXFileReference; lastKnownFileType = sourcecode.c.objc; path = MapQuakesDTFTests.m; sourceTree = "<group>"; };
/* End PBXFileReference section */

/* Begin PBXFrameworksBuildPhase section */
		2AA9DDDB143CAD0300863289 /* Frameworks */ = {
			isa = PBXFrameworksBuildPhase;
			buildActionMask = 2147483647;
			files = (
				2AA9DDE3143CAD0300863289 /* UIKit.framework in Frameworks */,
				2AA9DDE5143CAD0300863289 /* Foundation.framework in Frameworks */,
				2AA9DDE7143CAD0300863289 /* CoreGraphics.framework in Frameworks */,
			);
			runOnlyForDeploymentPostprocessing = 0;
		};
		2AA9DDFE143CAD0300863289 /* Frameworks */ = {
			isa = PBXFrameworksBuildPhase;
			buildActionMask = 2147483647;
			files = (
				2AA9DE04143CAD0300863289 /* SenTestingKit.framework in Frameworks */,
				2AA9DE05143CAD0300863289 /* UIKit.framework in Frameworks */,
				2AA9DE06143CAD0300863289 /* Foundation.framework in Frameworks */,
				2AA9DE07143CAD0300863289 /* CoreGraphics.framework in Frameworks */,
			);
			runOnlyForDeploymentPostprocessing = 0;
		};
/* End PBXFrameworksBuildPhase section */

/* Begin PBXGroup section */
		2AA9DDD3143CAD0200863289 = {
			isa = PBXGroup;
			children = (
				2AA9DDE8143CAD0300863289 /* MapQuakesDTF */,
				2AA9DE0A143CAD0300863289 /* MapQuakesDTFTests */,
				2AA9DDE1143CAD0300863289 /* Frameworks */,
				2AA9DDDF143CAD0300863289 /* Products */,
			);
			sourceTree = "<group>";
		};
		2AA9DDDF143CAD0300863289 /* Products */ = {
			isa = PBXGroup;
			children = (
				2AA9DDDE143CAD0300863289 /* MapQuakesDTF.app */,
				2AA9DE02143CAD0300863289 /* MapQuakesDTFTests.octest */,
			);
			name = Products;
			sourceTree = "<group>";
		};
		2AA9DDE1143CAD0300863289 /* Frameworks */ = {
			isa = PBXGroup;
			children = (
				2AA9DDE2143CAD0300863289 /* UIKit.framework */,
				2AA9DDE4143CAD0300863289 /* Foundation.framework */,
				2AA9DDE6143CAD0300863289 /* CoreGraphics.framework */,
				2AA9DE03143CAD0300863289 /* SenTestingKit.framework */,
			);
			name = Frameworks;
			sourceTree = "<group>";
		};
		2AA9DDE8143CAD0300863289 /* MapQuakesDTF */ = {
			isa = PBXGroup;
			children = (
				2AA9DDF1143CAD0300863289 /* MapQuakesDTFAppDelegate.h */,
				2AA9DDF2143CAD0300863289 /* MapQuakesDTFAppDelegate.m */,
				2AA9DDF4143CAD0300863289 /* MainWindow.xib */,
				2AA9DDF7143CAD0300863289 /* MapQuakesDTFViewController.h */,
				2AA9DDF8143CAD0300863289 /* MapQuakesDTFViewController.m */,
				2AA9DDFA143CAD0300863289 /* MapQuakesDTFViewController.xib */,
				2AA9DDE9143CAD0300863289 /* Supporting Files */,
			);
			path = MapQuakesDTF;
			sourceTree = "<group>";
		};
		2AA9DDE9143CAD0300863289 /* Supporting Files */ = {
			isa = PBXGroup;
			children = (
				2AA9DDEA143CAD0300863289 /* MapQuakesDTF-Info.plist */,
				2AA9DDEB143CAD0300863289 /* InfoPlist.strings */,
				2AA9DDEE143CAD0300863289 /* main.m */,
				2AA9DDF0143CAD0300863289 /* MapQuakesDTF-Prefix.pch */,
			);
			name = "Supporting Files";
			sourceTree = "<group>";
		};
		2AA9DE0A143CAD0300863289 /* MapQuakesDTFTests */ = {
			isa = PBXGroup;
			children = (
				2AA9DE10143CAD0300863289 /* MapQuakesDTFTests.h */,
				2AA9DE12143CAD0300863289 /* MapQuakesDTFTests.m */,
				2AA9DE0B143CAD0300863289 /* Supporting Files */,
			);
			path = MapQuakesDTFTests;
			sourceTree = "<group>";
		};
		2AA9DE0B143CAD0300863289 /* Supporting Files */ = {
			isa = PBXGroup;
			children = (
				2AA9DE0C143CAD0300863289 /* MapQuakesDTFTests-Info.plist */,
				2AA9DE0D143CAD0300863289 /* InfoPlist.strings */,
			);
			name = "Supporting Files";
			sourceTree = "<group>";
		};
/* End PBXGroup section */

/* Begin PBXNativeTarget section */
		2AA9DDDD143CAD0300863289 /* MapQuakesDTF */ = {
			isa = PBXNativeTarget;
			buildConfigurationList = 2AA9DE16143CAD0300863289 /* Build configuration list for PBXNativeTarget "MapQuakesDTF" */;
			buildPhases = (
				2AA9DDDA143CAD0300863289 /* Sources */,
				2AA9DDDB143CAD0300863289 /* Frameworks */,
				2AA9DDDC143CAD0300863289 /* Resources */,
			);
			buildRules = (
			);
			dependencies = (
			);
			name = MapQuakesDTF;
			productName = MapQuakesDTF;
			productReference = 2AA9DDDE143CAD0300863289 /* MapQuakesDTF.app */;
			productType = "com.apple.product-type.application";
		};
		2AA9DE01143CAD0300863289 /* MapQuakesDTFTests */ = {
			isa = PBXNativeTarget;
			buildConfigurationList = 2AA9DE19143CAD0300863289 /* Build configuration list for PBXNativeTarget "MapQuakesDTFTests" */;
			buildPhases = (
				2AA9DDFD143CAD0300863289 /* Sources */,
				2AA9DDFE143CAD0300863289 /* Frameworks */,
				2AA9DDFF143CAD0300863289 /* Resources */,
				2AA9DE00143CAD0300863289 /* ShellScript */,
			);
			buildRules = (
			);
			dependencies = (
				2AA9DE09143CAD0300863289 /* PBXTargetDependency */,
			);
			name = MapQuakesDTFTests;
			productName = MapQuakesDTFTests;
			productReference = 2AA9DE02143CAD0300863289 /* MapQuakesDTFTests.octest */;
			productType = "com.apple.product-type.bundle";
		};
/* End PBXNativeTarget section */

/* Begin PBXProject section */
		2AA9DDD5143CAD0200863289 /* Project object */ = {
			isa = PBXProject;
			buildConfigurationList = 2AA9DDD8143CAD0200863289 /* Build configuration list for PBXProject "MapQuakesDTF" */;
			compatibilityVersion = "Xcode 3.2";
			developmentRegion = English;
			hasScannedForEncodings = 0;
			knownRegions = (
				en,
			);
			mainGroup = 2AA9DDD3143CAD0200863289;
			productRefGroup = 2AA9DDDF143CAD0300863289 /* Products */;
			projectDirPath = "";
			projectRoot = "";
			targets = (
				2AA9DDDD143CAD0300863289 /* MapQuakesDTF */,
				2AA9DE01143CAD0300863289 /* MapQuakesDTFTests */,
			);
		};
/* End PBXProject section */

/* Begin PBXResourcesBuildPhase section */
		2AA9DDDC143CAD0300863289 /* Resources */ = {
			isa = PBXResourcesBuildPhase;
			buildActionMask = 2147483647;
			files = (
				2AA9DDED143CAD0300863289 /* InfoPlist.strings in Resources */,
				2AA9DDF6143CAD0300863289 /* MainWindow.xib in Resources */,
				2AA9DDFC143CAD0300863289 /* MapQuakesDTFViewController.xib in Resources */,
			);
			runOnlyForDeploymentPostprocessing = 0;
		};
		2AA9DDFF143CAD0300863289 /* Resources */ = {
			isa = PBXResourcesBuildPhase;
			buildActionMask = 2147483647;
			files = (
				2AA9DE0F143CAD0300863289 /* InfoPlist.strings in Resources */,
				2AA9DE11143CAD0300863289 /* MapQuakesDTFTests.h in Resources */,
			);
			runOnlyForDeploymentPostprocessing = 0;
		};
/* End PBXResourcesBuildPhase section */

/* Begin PBXShellScriptBuildPhase section */
		2AA9DE00143CAD0300863289 /* ShellScript */ = {
			isa = PBXShellScriptBuildPhase;
			buildActionMask = 2147483647;
			files = (
			);
			inputPaths = (
			);
			outputPaths = (
			);
			runOnlyForDeploymentPostprocessing = 0;
			shellPath = /bin/sh;
			shellScript = "# Run the unit tests in this test bundle.\n\"${SYSTEM_DEVELOPER_DIR}/Tools/RunUnitTests\"\n";
		};
/* End PBXShellScriptBuildPhase section */

/* Begin PBXSourcesBuildPhase section */
		2AA9DDDA143CAD0300863289 /* Sources */ = {
			isa = PBXSourcesBuildPhase;
			buildActionMask = 2147483647;
			files = (
				2AA9DDEF143CAD0300863289 /* main.m in Sources */,
				2AA9DDF3143CAD0300863289 /* MapQuakesDTFAppDelegate.m in Sources */,
				2AA9DDF9143CAD0300863289 /* MapQuakesDTFViewController.m in Sources */,
			);
			runOnlyForDeploymentPostprocessing = 0;
		};
		2AA9DDFD143CAD0300863289 /* Sources */ = {
			isa = PBXSourcesBuildPhase;
			buildActionMask = 2147483647;
			files = (
				2AA9DE13143CAD0300863289 /* MapQuakesDTFTests.m in Sources */,
			);
			runOnlyForDeploymentPostprocessing = 0;
		};
/* End PBXSourcesBuildPhase section */

/* Begin PBXTargetDependency section */
		2AA9DE09143CAD0300863289 /* PBXTargetDependency */ = {
			isa = PBXTargetDependency;
			target = 2AA9DDDD143CAD0300863289 /* MapQuakesDTF */;
			targetProxy = 2AA9DE08143CAD0300863289 /* PBXContainerItemProxy */;
		};
/* End PBXTargetDependency section */

/* Begin PBXVariantGroup section */
		2AA9DDEB143CAD0300863289 /* InfoPlist.strings */ = {
			isa = PBXVariantGroup;
			children = (
				2AA9DDEC143CAD0300863289 /* en */,
			);
			name = InfoPlist.strings;
			sourceTree = "<group>";
		};
		2AA9DDF4143CAD0300863289 /* MainWindow.xib */ = {
			isa = PBXVariantGroup;
			children = (
				2AA9DDF5143CAD0300863289 /* en */,
			);
			name = MainWindow.xib;
			sourceTree = "<group>";
		};
		2AA9DDFA143CAD0300863289 /* MapQuakesDTFViewController.xib */ = {
			isa = PBXVariantGroup;
			children = (
				2AA9DDFB143CAD0300863289 /* en */,
			);
			name = MapQuakesDTFViewController.xib;
			sourceTree = "<group>";
		};
		2AA9DE0D143CAD0300863289 /* InfoPlist.strings */ = {
			isa = PBXVariantGroup;
			children = (
				2AA9DE0E143CAD0300863289 /* en */,
			);
			name = InfoPlist.strings;
			sourceTree = "<group>";
		};
/* End PBXVariantGroup section */

/* Begin XCBuildConfiguration section */
		2AA9DE14143CAD0300863289 /* Debug */ = {
			isa = XCBuildConfiguration;
			buildSettings = {
				ALWAYS_SEARCH_USER_PATHS = NO;
				ARCHS = "$(ARCHS_STANDARD_32_BIT)";
				"CODE_SIGN_IDENTITY[sdk=iphoneos*]" = "iPhone Developer";
				COPY_PHASE_STRIP = NO;
				GCC_C_LANGUAGE_STANDARD = gnu99;
				GCC_DYNAMIC_NO_PIC = NO;
				GCC_OPTIMIZATION_LEVEL = 0;
				GCC_PREPROCESSOR_DEFINITIONS = (
					"DEBUG=1",
					"$(inherited)",
				);
				GCC_SYMBOLS_PRIVATE_EXTERN = NO;
				GCC_VERSION = com.apple.compilers.llvmgcc42;
				GCC_WARN_ABOUT_MISSING_PROTOTYPES = YES;
				GCC_WARN_ABOUT_RETURN_TYPE = YES;
				GCC_WARN_UNUSED_VARIABLE = YES;
				IPHONEOS_DEPLOYMENT_TARGET = 4.3;
				SDKROOT = iphoneos;
			};
			name = Debug;
		};
		2AA9DE15143CAD0300863289 /* Release */ = {
			isa = XCBuildConfiguration;
			buildSettings = {
				ALWAYS_SEARCH_USER_PATHS = NO;
				ARCHS = "$(ARCHS_STANDARD_32_BIT)";
				"CODE_SIGN_IDENTITY[sdk=iphoneos*]" = "iPhone Developer";
				COPY_PHASE_STRIP = YES;
				GCC_C_LANGUAGE_STANDARD = gnu99;
				GCC_VERSION = com.apple.compilers.llvmgcc42;
				GCC_WARN_ABOUT_MISSING_PROTOTYPES = YES;
				GCC_WARN_ABOUT_RETURN_TYPE = YES;
				GCC_WARN_UNUSED_VARIABLE = YES;
				IPHONEOS_DEPLOYMENT_TARGET = 4.3;
				OTHER_CFLAGS = "-DNS_BLOCK_ASSERTIONS=1";
				SDKROOT = iphoneos;
				VALIDATE_PRODUCT = YES;
			};
			name = Release;
		};
		2AA9DE17143CAD0300863289 /* Debug */ = {
			isa = XCBuildConfiguration;
			buildSettings = {
				GCC_PRECOMPILE_PREFIX_HEADER = YES;
				GCC_PREFIX_HEADER = "MapQuakesDTF/MapQuakesDTF-Prefix.pch";
				INFOPLIST_FILE = "MapQuakesDTF/MapQuakesDTF-Info.plist";
				PRODUCT_NAME = "$(TARGET_NAME)";
				WRAPPER_EXTENSION = app;
			};
			name = Debug;
		};
		2AA9DE18143CAD0300863289 /* Release */ = {
			isa = XCBuildConfiguration;
			buildSettings = {
				GCC_PRECOMPILE_PREFIX_HEADER = YES;
				GCC_PREFIX_HEADER = "MapQuakesDTF/MapQuakesDTF-Prefix.pch";
				INFOPLIST_FILE = "MapQuakesDTF/MapQuakesDTF-Info.plist";
				PRODUCT_NAME = "$(TARGET_NAME)";
				WRAPPER_EXTENSION = app;
			};
			name = Release;
		};
		2AA9DE1A143CAD0300863289 /* Debug */ = {
			isa = XCBuildConfiguration;
			buildSettings = {
				BUNDLE_LOADER = "$(BUILT_PRODUCTS_DIR)/MapQuakesDTF.app/MapQuakesDTF";
				FRAMEWORK_SEARCH_PATHS = (
					"$(SDKROOT)/Developer/Library/Frameworks",
					"$(DEVELOPER_LIBRARY_DIR)/Frameworks",
				);
				GCC_PRECOMPILE_PREFIX_HEADER = YES;
				GCC_PREFIX_HEADER = "MapQuakesDTF/MapQuakesDTF-Prefix.pch";
				INFOPLIST_FILE = "MapQuakesDTFTests/MapQuakesDTFTests-Info.plist";
				PRODUCT_NAME = "$(TARGET_NAME)";
				TEST_HOST = "$(BUNDLE_LOADER)";
				WRAPPER_EXTENSION = octest;
			};
			name = Debug;
		};
		2AA9DE1B143CAD0300863289 /* Release */ = {
			isa = XCBuildConfiguration;
			buildSettings = {
				BUNDLE_LOADER = "$(BUILT_PRODUCTS_DIR)/MapQuakesDTF.app/MapQuakesDTF";
				FRAMEWORK_SEARCH_PATHS = (
					"$(SDKROOT)/Developer/Library/Frameworks",
					"$(DEVELOPER_LIBRARY_DIR)/Frameworks",
				);
				GCC_PRECOMPILE_PREFIX_HEADER = YES;
				GCC_PREFIX_HEADER = "MapQuakesDTF/MapQuakesDTF-Prefix.pch";
				INFOPLIST_FILE = "MapQuakesDTFTests/MapQuakesDTFTests-Info.plist";
				PRODUCT_NAME = "$(TARGET_NAME)";
				TEST_HOST = "$(BUNDLE_LOADER)";
				WRAPPER_EXTENSION = octest;
			};
			name = Release;
		};
/* End XCBuildConfiguration section */

/* Begin XCConfigurationList section */
		2AA9DDD8143CAD0200863289 /* Build configuration list for PBXProject "MapQuakesDTF" */ = {
			isa = XCConfigurationList;
			buildConfigurations = (
				2AA9DE14143CAD0300863289 /* Debug */,
				2AA9DE15143CAD0300863289 /* Release */,
			);
			defaultConfigurationIsVisible = 0;
			defaultConfigurationName = Release;
		};
		2AA9DE16143CAD0300863289 /* Build configuration list for PBXNativeTarget "MapQuakesDTF" */ = {
			isa = XCConfigurationList;
			buildConfigurations = (
				2AA9DE17143CAD0300863289 /* Debug */,
				2AA9DE18143CAD0300863289 /* Release */,
			);
			defaultConfigurationIsVisible = 0;
		};
		2AA9DE19143CAD0300863289 /* Build configuration list for PBXNativeTarget "MapQuakesDTFTests" */ = {
			isa = XCConfigurationList;
			buildConfigurations = (
				2AA9DE1A143CAD0300863289 /* Debug */,
				2AA9DE1B143CAD0300863289 /* Release */,
			);
			defaultConfigurationIsVisible = 0;
		};
/* End XCConfigurationList section */
	};
	rootObject = 2AA9DDD5143CAD0200863289 /* Project object */;
}
